
Microsoft Visual Studio Solution File, Format Version 12.00
# Visual Studio Version 17
VisualStudioVersion = 17.13.35931.197 d17.13
MinimumVisualStudioVersion = 10.0.40219.1
Project("{FAE04EC0-301F-11D3-BF4B-00C04F79EFBC}") = "lib-version", "lib-version\lib-version.csproj", "{EAD8B3E9-18F0-4E67-86EC-09209AC131AD}"
EndProject
Global
	GlobalSection(SolutionConfigurationPlatforms) = preSolution
		Debug|Any CPU = Debug|Any CPU
		Release|Any CPU = Release|Any CPU
	EndGlobalSection
	GlobalSection(ProjectConfigurationPlatforms) = postSolution
		{EAD8B3E9-18F0-4E67-86EC-09209AC131AD}.Debug|Any CPU.ActiveCfg = Debug|Any CPU
		{EAD8B3E9-18F0-4E67-86EC-09209AC131AD}.Debug|Any CPU.Build.0 = Debug|Any CPU
		{EAD8B3E9-18F0-4E67-86EC-09209AC131AD}.Release|Any CPU.ActiveCfg = Release|Any CPU
		{EAD8B3E9-18F0-4E67-86EC-09209AC131AD}.Release|Any CPU.Build.0 = Release|Any CPU
	EndGlobalSection
	GlobalSection(SolutionProperties) = preSolution
		HideSolutionNode = FALSE
	EndGlobalSection
	GlobalSection(ExtensibilityGlobals) = postSolution
		SolutionGuid = {A74AA26B-EAAC-49CF-836C-3036204C7BAB}
	EndGlobalSection
EndGlobal
